
Microsoft Visual Studio Solution File, Format Version 12.00
# Visual Studio Version 18
VisualStudioVersion = 18.6.11709.129 insiders
MinimumVisualStudioVersion = 17.8.0.0
Project("{9A19103F-16F7-4668-BE54-9A1E7A4F7556}") = "WorkTracker.AppHost", "WorkTracker.AppHost\WorkTracker.AppHost.csproj", "{8AC84B42-2B12-4B87-B6BE-F5E1241A1141}"
EndProject
Project("{9A19103F-16F7-4668-BE54-9A1E7A4F7556}") = "WorkTracker.ServiceDefaults", "WorkTracker.ServiceDefaults\WorkTracker.ServiceDefaults.csproj", "{4F2F9B03-4D79-45B9-9F72-81713329B888}"
EndProject
Project("{9A19103F-16F7-4668-BE54-9A1E7A4F7556}") = "WorkTracker.ApiService", "WorkTracker.ApiService\WorkTracker.ApiService.csproj", "{3B7F2D46-7296-498E-87E3-0B98C9003582}"
EndProject
Project("{9A19103F-16F7-4668-BE54-9A1E7A4F7556}") = "WorkTracker.Tests", "WorkTracker.Tests\WorkTracker.Tests.csproj", "{124EF01D-C653-47FC-B230-EF5D9EF48B7D}"
EndProject
Project("{9A19103F-16F7-4668-BE54-9A1E7A4F7556}") = "WorkTracker.Web", "WorkTracker.Web\WorkTracker.Web.csproj", "{D9DD1FE6-043B-4FCC-8A2D-8EE86C0A9967}"
EndProject
Project("{FAE04EC0-301F-11D3-BF4B-00C04F79EFBC}") = "WorkTracker.Common", "WorkTracker.Common\WorkTracker.Common.csproj", "{F6270087-0103-4E1B-91BC-D8CF5CE82D51}"
EndProject
Global
	GlobalSection(SolutionConfigurationPlatforms) = preSolution
		Debug|Any CPU = Debug|Any CPU
		Release|Any CPU = Release|Any CPU
	EndGlobalSection
	GlobalSection(ProjectConfigurationPlatforms) = postSolution
		{8AC84B42-2B12-4B87-B6BE-F5E1241A1141}.Debug|Any CPU.ActiveCfg = Debug|Any CPU
		{8AC84B42-2B12-4B87-B6BE-F5E1241A1141}.Debug|Any CPU.Build.0 = Debug|Any CPU
		{8AC84B42-2B12-4B87-B6BE-F5E1241A1141}.Release|Any CPU.ActiveCfg = Release|Any CPU
		{8AC84B42-2B12-4B87-B6BE-F5E1241A1141}.Release|Any CPU.Build.0 = Release|Any CPU
		{4F2F9B03-4D79-45B9-9F72-81713329B888}.Debug|Any CPU.ActiveCfg = Debug|Any CPU
		{4F2F9B03-4D79-45B9-9F72-81713329B888}.Debug|Any CPU.Build.0 = Debug|Any CPU
		{4F2F9B03-4D79-45B9-9F72-81713329B888}.Release|Any CPU.ActiveCfg = Release|Any CPU
		{4F2F9B03-4D79-45B9-9F72-81713329B888}.Release|Any CPU.Build.0 = Release|Any CPU
		{3B7F2D46-7296-498E-87E3-0B98C9003582}.Debug|Any CPU.ActiveCfg = Debug|Any CPU
		{3B7F2D46-7296-498E-87E3-0B98C9003582}.Debug|Any CPU.Build.0 = Debug|Any CPU
		{3B7F2D46-7296-498E-87E3-0B98C9003582}.Release|Any CPU.ActiveCfg = Release|Any CPU
		{3B7F2D46-7296-498E-87E3-0B98C9003582}.Release|Any CPU.Build.0 = Release|Any CPU
		{124EF01D-C653-47FC-B230-EF5D9EF48B7D}.Debug|Any CPU.ActiveCfg = Debug|Any CPU
		{124EF01D-C653-47FC-B230-EF5D9EF48B7D}.Debug|Any CPU.Build.0 = Debug|Any CPU
		{124EF01D-C653-47FC-B230-EF5D9EF48B7D}.Release|Any CPU.ActiveCfg = Release|Any CPU
		{124EF01D-C653-47FC-B230-EF5D9EF48B7D}.Release|Any CPU.Build.0 = Release|Any CPU
		{D9DD1FE6-043B-4FCC-8A2D-8EE86C0A9967}.Debug|Any CPU.ActiveCfg = Debug|Any CPU
		{D9DD1FE6-043B-4FCC-8A2D-8EE86C0A9967}.Debug|Any CPU.Build.0 = Debug|Any CPU
		{D9DD1FE6-043B-4FCC-8A2D-8EE86C0A9967}.Release|Any CPU.ActiveCfg = Release|Any CPU
		{D9DD1FE6-043B-4FCC-8A2D-8EE86C0A9967}.Release|Any CPU.Build.0 = Release|Any CPU
		{F6270087-0103-4E1B-91BC-D8CF5CE82D51}.Debug|Any CPU.ActiveCfg = Debug|Any CPU
		{F6270087-0103-4E1B-91BC-D8CF5CE82D51}.Debug|Any CPU.Build.0 = Debug|Any CPU
		{F6270087-0103-4E1B-91BC-D8CF5CE82D51}.Release|Any CPU.ActiveCfg = Release|Any CPU
		{F6270087-0103-4E1B-91BC-D8CF5CE82D51}.Release|Any CPU.Build.0 = Release|Any CPU
	EndGlobalSection
	GlobalSection(SolutionProperties) = preSolution
		HideSolutionNode = FALSE
	EndGlobalSection
	GlobalSection(ExtensibilityGlobals) = postSolution
		SolutionGuid = {8D4A0F09-F967-46F6-949F-60B8FC0EE681}
	EndGlobalSection
EndGlobal
